{
  "nodes": {
    "nixpkgs": {
      "locked": {
        "lastModified": 1687898314,
        "narHash": "sha256-B4BHon3uMXQw8ZdbwxRK1BmxVOGBV4viipKpGaIlGwk=",
        "owner": "NixOS",
        "repo": "nixpkgs",
        "rev": "e18dc963075ed115afb3e312b64643bf8fd4b474",
        "type": "github"
      },
      "original": {
        "id": "nixpkgs",
        "ref": "nixos-unstable",
        "type": "indirect"
      }
    },
    "packwiz2nix": {
      "locked": {
        "lastModified": 1683887515,
        "narHash": "sha256-eYxlzal5DNUvpv3F9W42wREdRi6h1hceOcgoiN6gvRg=",
        "owner": "getchoo",
        "repo": "packwiz2nix",
        "rev": "1c9c0ef2e40fbd1a921b446d8fe5884e645e4308",
        "type": "github"
      },
      "original": {
        "owner": "getchoo",
        "repo": "packwiz2nix",
        "type": "github"
      }
    },
    "root": {
      "inputs": {
        "nixpkgs": "nixpkgs",
        "packwiz2nix": "packwiz2nix"
      }
    }
  },
  "root": "root",
  "version": 7
}
